<?xml version="1.0" encoding="utf-8"?>
<Project ToolsVersion="4.0" xmlns="http://schemas.microsoft.com/developer/msbuild/2003">
  <ItemGroup>
    <ClInclude Include="..\cocosurface3d.h" />
    <ClInclude Include="..\platform\CSPlatformMacros.h">
      <Filter>platform</Filter>
    </ClInclude>
    <ClInclude Include="..\platform\win32\CSPlatformDefine-win32.h">
      <Filter>platform\win32</Filter>
    </ClInclude>
    <ClInclude Include="..\base\CSScene.h">
      <Filter>base</Filter>
    </ClInclude>
    <ClInclude Include="..\base\CSLayer.h">
      <Filter>base</Filter>
    </ClInclude>
  </ItemGroup>
  <ItemGroup>
    <ClCompile Include="..\cocosurface3d.cpp" />
    <ClCompile Include="..\base\CSScene.cpp">
      <Filter>base</Filter>
    </ClCompile>
    <ClCompile Include="..\base\CSLayer.cpp">
      <Filter>base</Filter>
    </ClCompile>
  </ItemGroup>
  <ItemGroup>
    <Filter Include="platform">
      <UniqueIdentifier>{53f7e3e3-f0e9-4db4-8c52-967e0503690d}</UniqueIdentifier>
    </Filter>
    <Filter Include="platform\win32">
      <UniqueIdentifier>{2744f384-80dd-4368-9d35-38c8f7888b8e}</UniqueIdentifier>
    </Filter>
    <Filter Include="base">
      <UniqueIdentifier>{257dc37f-06d2-4a86-a8fd-ad6b443b3cd0}</UniqueIdentifier>
    </Filter>
  </ItemGroup>
</Project>